<?xml version="1.0" encoding="UTF-8" standalone="yes" ?>
<CodeBlocks_project_file>
	<FileVersion major="1" minor="6" />
	<Project>
		<Option title="teambuilder" />
		<Option pch_mode="2" />
		<Option compiler="gcc" />
		<Build>
			<Target title="Release">
				<Option output="teambuilder" prefix_auto="1" extension_auto="1" />
				<Option object_output="obj\" />
				<Option type="0" />
				<Option compiler="gcc" />
				<Compiler>
					<Add option="-pg" />
					<Add option="-g" />
					<Add option="-mthreads" />
					<Add option="-DMF_TEXT_ACCENTUE" />
					<Add option="-DMF_RETOUR_LIGNE" />
				</Compiler>
				<Linker>
					<Add option="-pg -lgmon" />
					<Add library="SDL_ttf" />
					<Add library="SDL_image" />
					<Add library="SDL_rotozoom" />
					<Add library="SDL_net" />
					<Add library="sfml-network" />
					<Add library="sfml-system" />
				</Linker>
			</Target>
		</Build>
		<Compiler>
			<Add option="-Wall" />
			<Add option="-DSFML_DYNAMIC" />
			<Add directory="C:\Program Files\CodeBlocks\MinGW\SDL\include" />
		</Compiler>
		<Linker>
			<Add library="mingw32" />
			<Add library="SDLmain" />
			<Add library="SDL.dll" />
			<Add library="user32" />
			<Add library="gdi32" />
			<Add library="winmm" />
			<Add library="dxguid" />
			<Add directory="C:\Program Files\CodeBlocks\MinGW\SDL\lib" />
		</Linker>
		<Unit filename="code\client\Team_Struct.cpp" />
		<Unit filename="code\client\Team_Struct.h" />
		<Unit filename="code\client\TheInternet.cpp" />
		<Unit filename="code\client\TheInternet.h" />
		<Unit filename="code\client\big_boss.cpp" />
		<Unit filename="code\client\big_boss.h" />
		<Unit filename="code\client\client-server.h" />
		<Unit filename="code\client\credits.cpp" />
		<Unit filename="code\client\credits.h" />
		<Unit filename="code\client\main.cpp" />
		<Unit filename="code\client\menu.h" />
		<Unit filename="code\client\start_menu.cpp" />
		<Unit filename="code\client\start_menu.h" />
		<Unit filename="code\client\teambuilder.cpp" />
		<Unit filename="code\client\teambuilder.h" />
		<Unit filename="code\generic\MF.cpp" />
		<Unit filename="code\generic\MF.hh" />
		<Unit filename="code\generic\MF_applet.cpp" />
		<Unit filename="code\generic\MF_applet.hh" />
		<Unit filename="code\generic\MF_form.cpp" />
		<Unit filename="code\generic\MF_form.hh" />
		<Unit filename="code\generic\MF_text.cpp" />
		<Unit filename="code\generic\MF_text.hh" />
		<Unit filename="code\generic\SDL_gfx.cpp" />
		<Unit filename="code\generic\SDL_gfx.h" />
		<Unit filename="code\generic\exception.hpp" />
		<Unit filename="code\generic\interfont.cpp" />
		<Unit filename="code\generic\interfont.hpp" />
		<Unit filename="code\generic\intergfx.cpp" />
		<Unit filename="code\generic\intergfx.hpp" />
		<Unit filename="code\generic\intermutex.cpp" />
		<Unit filename="code\generic\intermutex.hpp" />
		<Unit filename="code\generic\internet_utilities.cpp" />
		<Unit filename="code\generic\internet_utilities.hh" />
		<Unit filename="code\generic\intersock.cpp" />
		<Unit filename="code\generic\intersock.hpp" />
		<Unit filename="code\generic\interthread.cpp" />
		<Unit filename="code\generic\interthread.hpp" />
		<Unit filename="code\generic\intervideo.cpp" />
		<Unit filename="code\generic\intervideo.hpp" />
		<Unit filename="code\generic\ressource_manager.cpp" />
		<Unit filename="code\generic\ressource_manager.hpp" />
		<Unit filename="code\generic\utilities.cpp" />
		<Unit filename="code\generic\utilities.hh" />
		<Extensions>
			<code_completion />
			<debugger />
			<envvars />
		</Extensions>
	</Project>
</CodeBlocks_project_file>
