<?xml version="1.0" encoding="UTF-8" standalone="yes" ?>
<CodeBlocks_project_file>
	<FileVersion major="1" minor="6" />
	<Project>
		<Option title="teambuilder" />
		<Option pch_mode="2" />
		<Option compiler="gcc" />
		<Build>
			<Target title="Release">
				<Option output="teambuilder" prefix_auto="1" extension_auto="1" />
				<Option object_output="obj\" />
				<Option type="0" />
				<Option compiler="gcc" />
				<Compiler>
					<Add option="-pg" />
					<Add option="-g" />
					<Add option="-DMF_TEXT_ACCENTUE" />
					<Add option="-DMF_RETOUR_LIGNE" />
					<Add option="-Dprivate=public" />
				</Compiler>
				<Linker>
					<Add option="-pg -lgmon" />
					<Add library="SDL_ttf" />
					<Add library="SDL_image" />
					<Add library="SDL_rotozoom" />
					<Add library="SDL_net" />
				</Linker>
			</Target>
		</Build>
		<Compiler>
			<Add option="-Wall" />
			<Add option="-DSFML_DYNAMIC" />
			<Add directory="C:\Program Files\CodeBlocks\MinGW\SDL\include" />
		</Compiler>
		<Linker>
			<Add library="mingw32" />
			<Add library="SDLmain" />
			<Add library="SDL.dll" />
			<Add library="user32" />
			<Add library="gdi32" />
			<Add library="winmm" />
			<Add library="dxguid" />
			<Add directory="C:\Program Files\CodeBlocks\MinGW\SDL\lib" />
		</Linker>
		<Unit filename="code\508socket.h" />
		<Unit filename="code\MF.cpp" />
		<Unit filename="code\MF.hh" />
		<Unit filename="code\MF_applet.cpp" />
		<Unit filename="code\MF_applet.hh" />
		<Unit filename="code\MF_form.cpp" />
		<Unit filename="code\MF_form.hh" />
		<Unit filename="code\MF_text.cpp" />
		<Unit filename="code\MF_text.hh" />
		<Unit filename="code\SDL_gfx.cpp" />
		<Unit filename="code\SDL_gfx.h" />
		<Unit filename="code\Team_Struct.cpp" />
		<Unit filename="code\Team_Struct.h" />
		<Unit filename="code\TheInternet.cpp" />
		<Unit filename="code\TheInternet.h" />
		<Unit filename="code\big_boss.cpp" />
		<Unit filename="code\big_boss.h" />
		<Unit filename="code\client-server.h" />
		<Unit filename="code\credits.cpp" />
		<Unit filename="code\credits.h" />
		<Unit filename="code\exception.hpp" />
		<Unit filename="code\interfont.cpp" />
		<Unit filename="code\interfont.hpp" />
		<Unit filename="code\intergfx.cpp" />
		<Unit filename="code\intergfx.hpp" />
		<Unit filename="code\intervideo.cpp" />
		<Unit filename="code\intervideo.hpp" />
		<Unit filename="code\main.cpp" />
		<Unit filename="code\menu.h" />
		<Unit filename="code\ressource_manager.cpp" />
		<Unit filename="code\ressource_manager.hpp" />
		<Unit filename="code\start_menu.cpp" />
		<Unit filename="code\start_menu.h" />
		<Unit filename="code\teambuilder.cpp" />
		<Unit filename="code\teambuilder.h" />
		<Unit filename="code\utilities.cpp" />
		<Unit filename="code\utilities.hh" />
		<Extensions>
			<code_completion />
			<debugger />
			<envvars />
		</Extensions>
	</Project>
</CodeBlocks_project_file>
